<?xml version="1.0" encoding="utf-8"?>
<Project ToolsVersion="4.0" xmlns="http://schemas.microsoft.com/developer/msbuild/2003">
  <ItemGroup>
    <Filter Include="Ymir">
      <UniqueIdentifier>{E6BA8F7C-D2F1-900D-7BDE-761067F40C0F}</UniqueIdentifier>
    </Filter>
  </ItemGroup>
  <ItemGroup>
    <ClInclude Include="src\Ymir.h" />
    <ClInclude Include="src\Ymir\Application.h">
      <Filter>Ymir</Filter>
    </ClInclude>
    <ClInclude Include="src\Ymir\Core.h">
      <Filter>Ymir</Filter>
    </ClInclude>
    <ClInclude Include="src\Ymir\EntryPoint.h">
      <Filter>Ymir</Filter>
    </ClInclude>
    <ClInclude Include="src\Ymir\Log.h">
      <Filter>Ymir</Filter>
    </ClInclude>
  </ItemGroup>
  <ItemGroup>
    <ClCompile Include="src\Ymir\Application.cpp">
      <Filter>Ymir</Filter>
    </ClCompile>
    <ClCompile Include="src\Ymir\Log.cpp">
      <Filter>Ymir</Filter>
    </ClCompile>
  </ItemGroup>
</Project>